
Microsoft Visual Studio Solution File, Format Version 12.00
# Visual Studio Version 17
VisualStudioVersion = 17.0.31903.59
MinimumVisualStudioVersion = 10.0.40219.1
Project("{2150E333-8FDC-42A3-9474-1A3956D46DE8}") = "test", "test", "{58CA4107-DB95-4439-A996-9C47C86B96E9}"
EndProject
Project("{FAE04EC0-301F-11D3-BF4B-00C04F79EFBC}") = "bank-ocr-test", "test\bank-ocr-test\bank-ocr-test.csproj", "{15DFD3F2-CF58-46A3-BCA1-1B57D67BB825}"
EndProject
Project("{FAE04EC0-301F-11D3-BF4B-00C04F79EFBC}") = "bank-ocr", "bank-ocr\bank-ocr.csproj", "{5C440E43-BF6D-48F5-8250-46D799210E22}"
EndProject
Global
	GlobalSection(SolutionConfigurationPlatforms) = preSolution
		Debug|Any CPU = Debug|Any CPU
		Release|Any CPU = Release|Any CPU
	EndGlobalSection
	GlobalSection(SolutionProperties) = preSolution
		HideSolutionNode = FALSE
	EndGlobalSection
	GlobalSection(ProjectConfigurationPlatforms) = postSolution
		{15DFD3F2-CF58-46A3-BCA1-1B57D67BB825}.Debug|Any CPU.ActiveCfg = Debug|Any CPU
		{15DFD3F2-CF58-46A3-BCA1-1B57D67BB825}.Debug|Any CPU.Build.0 = Debug|Any CPU
		{15DFD3F2-CF58-46A3-BCA1-1B57D67BB825}.Release|Any CPU.ActiveCfg = Release|Any CPU
		{15DFD3F2-CF58-46A3-BCA1-1B57D67BB825}.Release|Any CPU.Build.0 = Release|Any CPU
		{5C440E43-BF6D-48F5-8250-46D799210E22}.Debug|Any CPU.ActiveCfg = Debug|Any CPU
		{5C440E43-BF6D-48F5-8250-46D799210E22}.Debug|Any CPU.Build.0 = Debug|Any CPU
		{5C440E43-BF6D-48F5-8250-46D799210E22}.Release|Any CPU.ActiveCfg = Release|Any CPU
		{5C440E43-BF6D-48F5-8250-46D799210E22}.Release|Any CPU.Build.0 = Release|Any CPU
	EndGlobalSection
	GlobalSection(NestedProjects) = preSolution
		{15DFD3F2-CF58-46A3-BCA1-1B57D67BB825} = {58CA4107-DB95-4439-A996-9C47C86B96E9}
	EndGlobalSection
EndGlobal
